<?xml version="1.0" encoding="utf-8"?>
<Project ToolsVersion="4.0" xmlns="http://schemas.microsoft.com/developer/msbuild/2003">
  <ItemGroup>
    <ClCompile Include="main.cpp" />
    <ClCompile Include="src\core\application.cpp" />
    <ClCompile Include="src\blocks\block.cpp" />
    <ClCompile Include="src\core\credit.cpp" />
    <ClCompile Include="src\core\resource_manager.cpp" />
    <ClCompile Include="src\core\tile_selector.cpp" />
    <ClCompile Include="src\enemies\bowser.cpp" />
    <ClCompile Include="src\core\button.cpp" />
    <ClCompile Include="src\characters\character.cpp" />
    <ClCompile Include="src\characters\character_state.cpp" />
    <ClCompile Include="src\core\command.cpp" />
    <ClCompile Include="src\core\editor.cpp" />
    <ClCompile Include="src\enemies\enemy.cpp" />
    <ClCompile Include="src\core\file_handler.cpp" />
    <ClCompile Include="src\characters\fireball.cpp" />
    <ClCompile Include="src\core\game.cpp" />
    <ClCompile Include="src\core\game_managing.cpp" />
    <ClCompile Include="src\enemies\goomba.cpp" />
    <ClCompile Include="src\enemies\koopa_troopa.cpp" />
    <ClCompile Include="src\core\media.cpp" />
    <ClCompile Include="src\core\load.cpp" />
    <ClCompile Include="src\core\menu.cpp" />
    <ClCompile Include="src\characters\luigi.cpp" />
    <ClCompile Include="src\characters\mario.cpp" />
    <ClCompile Include="src\enemies\piranha_plant.cpp" />
    <ClCompile Include="src\characters\projectile.cpp" />
    <ClCompile Include="src\blocks\question_block.cpp" />
    <ClCompile Include="src\core\scene.cpp" />
    <ClCompile Include="src\core\scene_stack.cpp" />
    <ClCompile Include="src\core\setting.cpp" />
    <ClCompile Include="src\core\slider.cpp" />
    <ClCompile Include="src\characters\projectile_pool.cpp" />
    <ClCompile Include="src\collision\collision_handler.cpp" />
    <ClCompile Include="src\items\fire_flower_powerup.cpp" />
    <ClCompile Include="src\items\mushroom_powerup.cpp" />
    <ClCompile Include="src\items\powerup.cpp" />
    <ClCompile Include="src\items\spawn_item.cpp" />
    <ClCompile Include="src\items\star_powerup.cpp" />
    <ClCompile Include="src\include\external\tinyfiledialogs.cpp" />
    <ClCompile Include="src\blocks\block_factory.cpp" />
    <ClCompile Include="src\blocks\empty_block.cpp" />
    <ClCompile Include="src\blocks\music_block.cpp" />
    <ClCompile Include="src\blocks\solid_block.cpp" />
    <ClCompile Include="src\blocks\rock_block.cpp" />
    <ClCompile Include="src\blocks\ground_block.cpp" />
  </ItemGroup>
  <ItemGroup>
    <ClInclude Include="src\include\core\application.hpp" />
    <ClInclude Include="src\include\blocks\block.hpp" />
    <ClInclude Include="src\include\core\credit.hpp" />
    <ClInclude Include="src\include\core\resource_manager.hpp" />
    <ClInclude Include="src\include\core\tile_selector.hpp" />
    <ClInclude Include="src\include\enemies\bowser.hpp" />
    <ClInclude Include="src\include\core\button.hpp" />
    <ClInclude Include="src\include\characters\character.hpp" />
    <ClInclude Include="src\include\characters\character_state.hpp" />
    <ClInclude Include="src\include\core\command.hpp" />
    <ClInclude Include="src\include\core\editor.hpp" />
    <ClInclude Include="src\include\enemies\enemy.hpp" />
    <ClInclude Include="src\include\core\file_handler.hpp" />
    <ClInclude Include="src\include\characters\fireball.hpp" />
    <ClInclude Include="src\include\core\game.hpp" />
    <ClInclude Include="src\include\core\game_managing.hpp" />
    <ClInclude Include="src\include\enemies\goomba.hpp" />
    <ClInclude Include="src\include\enemies\koopa_troopa.hpp" />
    <ClInclude Include="src\include\characters\luigi.hpp" />
    <ClInclude Include="src\include\core\media.hpp" />
    <ClInclude Include="src\include\core\load.hpp" />
    <ClInclude Include="src\include\core\menu.hpp" />
    <ClInclude Include="src\include\characters\mario.hpp" />
    <ClInclude Include="src\include\enemies\piranha_plant.hpp" />
    <ClInclude Include="src\include\characters\projectile.hpp" />
    <ClInclude Include="src\include\blocks\question_block.hpp" />
    <ClInclude Include="src\include\core\scene.hpp" />
    <ClInclude Include="src\include\core\scene_stack.hpp" />
    <ClInclude Include="src\include\core\setting.hpp" />
    <ClInclude Include="src\include\core\slider.hpp" />
    <ClInclude Include="src\include\characters\projectile_pool.hpp" />
    <ClInclude Include="src\include\core\tileson.hpp" />
    <ClInclude Include="src\include\collision\collision_handler.hpp" />
    <ClInclude Include="src\include\external\json.hpp" />
    <ClInclude Include="src\include\external\tinyfiledialogs.h" />
    <ClInclude Include="src\include\blocks\block_factory.hpp" />
    <ClInclude Include="src\include\blocks\empty_block.hpp" />
    <ClInclude Include="src\include\blocks\music_block.hpp" />
    <ClInclude Include="src\include\blocks\solid_block.hpp" />
    <ClInclude Include="src\include\blocks\rock_block.hpp" />
    <ClInclude Include="src\include\blocks\ground_block.hpp" />
  </ItemGroup>
  <ItemGroup>
    <None Include=".clang-format" />
    <None Include=".gitignore" />
    <None Include="README.md" />
  </ItemGroup>
</Project>