<?xml version="1.0" encoding="utf-8"?>
<Project ToolsVersion="4.0" xmlns="http://schemas.microsoft.com/developer/msbuild/2003">
  <ItemGroup>
    <ClCompile Include="main.cpp" />
    <ClCompile Include="src\core\application.cpp" />
    <ClCompile Include="src\blocks\block.cpp" />
    <ClCompile Include="src\core\credit.cpp" />
    <ClCompile Include="src\core\resource_manager.cpp" />
    <ClCompile Include="src\core\tile_selector.cpp" />
    <ClCompile Include="src\enemies\bowser.cpp" />
    <ClCompile Include="src\core\button.cpp" />
    <ClCompile Include="src\characters\character.cpp" />
    <ClCompile Include="src\characters\character_state.cpp" />
    <ClCompile Include="src\core\command.cpp" />
    <ClCompile Include="src\core\editor.cpp" />
    <ClCompile Include="src\enemies\enemy.cpp" />
    <ClCompile Include="src\core\file_handler.cpp" />
    <ClCompile Include="src\characters\fireball.cpp" />
    <ClCompile Include="src\core\game.cpp" />
    <ClCompile Include="src\core\game_managing.cpp" />
    <ClCompile Include="src\enemies\goomba.cpp" />
    <ClCompile Include="src\enemies\koopa_troopa.cpp" />
    <ClCompile Include="src\core\media.cpp" />
    <ClCompile Include="src\core\load.cpp" />
    <ClCompile Include="src\core\menu.cpp" />
    <ClCompile Include="src\characters\luigi.cpp" />
    <ClCompile Include="src\characters\mario.cpp" />
    <ClCompile Include="src\enemies\piranha_plant.cpp" />
    <ClCompile Include="src\characters\projectile.cpp" />
    <ClCompile Include="src\blocks\question_block.cpp" />
    <ClCompile Include="src\core\scene.cpp" />
    <ClCompile Include="src\core\scene_stack.cpp" />
    <ClCompile Include="src\core\setting.cpp" />
    <ClCompile Include="src\blocks\static_block.cpp" />
    <ClCompile Include="tinyfiledialogs.cpp" />
    <ClCompile Include="src\core\slider.cpp" />
  </ItemGroup>
  <ItemGroup>
    <ClInclude Include="src\include\core\application.hpp" />
    <ClInclude Include="src\include\blocks\block.hpp" />
    <ClInclude Include="src\include\core\credit.hpp" />
    <ClInclude Include="src\include\core\resource_manager.hpp" />
    <ClInclude Include="src\include\core\tile_selector.hpp" />
    <ClInclude Include="src\include\enemies\bowser.hpp" />
    <ClInclude Include="src\include\core\button.hpp" />
    <ClInclude Include="src\include\characters\character.hpp" />
    <ClInclude Include="src\include\characters\character_state.hpp" />
    <ClInclude Include="src\include\core\command.hpp" />
    <ClInclude Include="src\include\core\editor.hpp" />
    <ClInclude Include="src\include\enemies\enemy.hpp" />
    <ClInclude Include="src\include\core\file_handler.hpp" />
    <ClInclude Include="src\include\characters\fireball.hpp" />
    <ClInclude Include="src\include\core\game.hpp" />
    <ClInclude Include="src\include\core\game_managing.hpp" />
    <ClInclude Include="src\include\enemies\goomba.hpp" />
    <ClInclude Include="src\include\enemies\koopa_troopa.hpp" />
    <ClInclude Include="src\include\characters\luigi.hpp" />
    <ClInclude Include="src\include\core\media.hpp" />
    <ClInclude Include="src\include\core\load.hpp" />
    <ClInclude Include="src\include\core\menu.hpp" />
    <ClInclude Include="src\include\characters\mario.hpp" />
    <ClInclude Include="src\include\enemies\piranha_plant.hpp" />
    <ClInclude Include="src\include\characters\projectile.hpp" />
    <ClInclude Include="src\include\blocks\question_block.hpp" />
    <ClInclude Include="src\include\core\scene.hpp" />
    <ClInclude Include="src\include\core\scene_stack.hpp" />
    <ClInclude Include="src\include\core\setting.hpp" />
    <ClInclude Include="src\include\blocks\static_block.hpp" />
    <ClInclude Include="tinyfiledialogs.h" />
    <ClInclude Include="src\include\core\slider.hpp" />
  </ItemGroup>
  <ItemGroup>
    <Image Include="res\menu.jpg" />
    <Image Include="res\sprites\background\background_spritesheet.png" />
  </ItemGroup>
  <ItemGroup>
    <None Include=".clang-format" />
    <None Include=".gitignore" />
    <None Include="README.md" />
  </ItemGroup>
  <ItemGroup>
    <Text Include="res\sprites\background\background.txt" />
    <Text Include="res\sprites\characters\enemies.txt">
      <Filter>res\sprites\characters</Filter>
    </Text>
    <Text Include="res\sprites\characters\normal.txt">
      <Filter>res\sprites\characters</Filter>
    </Text>
    <Text Include="res\sprites\characters\star_fire_electric.txt">
      <Filter>res\sprites\characters</Filter>
    </Text>
    <Text Include="res\sprites\icons\icons.txt">
      <Filter>res\sprites\icons</Filter>
    </Text>
    <Text Include="res\sprites\icons\objects.txt">
      <Filter>res\sprites\icons</Filter>
    </Text>
    <Text Include="res\sprites\tilesets\tileset_ground.txt">
      <Filter>res\sprites\tilesets</Filter>
    </Text>
    <Text Include="res\sprites\tilesets\tileset_sky.txt">
      <Filter>res\sprites\tilesets</Filter>
    </Text>
    <Text Include="res\sprites\tilesets\tileset_underground.txt">
      <Filter>res\sprites\tilesets</Filter>
    </Text>
    <Text Include="res\sprites\tilesets\tileset_underwater.txt">
      <Filter>res\sprites\tilesets</Filter>
    </Text>
    <Text Include="res\sprites\backgrounds\background.txt">
      <Filter>res\sprites\backgrounds</Filter>
    </Text>
    <Text Include="res\sprites\user_interface\buttons.txt">
      <Filter>res\sprites\user_interface</Filter>
    </Text>
    <Text Include="res\sprites\electric_shot\electric_shot.txt">
      <Filter>res\sprites\electric_shot</Filter>
    </Text>
  </ItemGroup>
  <ItemGroup>
    <Media Include="res\sounds\1up.wav">
      <Filter>res\sounds</Filter>
    </Media>
    <Media Include="res\sounds\beep.wav">
      <Filter>res\sounds</Filter>
    </Media>
    <Media Include="res\sounds\billfirework.wav">
      <Filter>res\sounds</Filter>
    </Media>
    <Media Include="res\sounds\bowserfall.wav">
      <Filter>res\sounds</Filter>
    </Media>
    <Media Include="res\sounds\brick.wav">
      <Filter>res\sounds</Filter>
    </Media>
    <Media Include="res\sounds\bump.wav">
      <Filter>res\sounds</Filter>
    </Media>
    <Media Include="res\sounds\castle_complete.wav">
      <Filter>res\sounds</Filter>
    </Media>
    <Media Include="res\sounds\coin.wav">
      <Filter>res\sounds</Filter>
    </Media>
    <Media Include="res\sounds\course_clear.wav">
      <Filter>res\sounds</Filter>
    </Media>
    <Media Include="res\sounds\fire.wav">
      <Filter>res\sounds</Filter>
    </Media>
    <Media Include="res\sounds\fireball.wav">
      <Filter>res\sounds</Filter>
    </Media>
    <Media Include="res\sounds\flagpole.wav">
      <Filter>res\sounds</Filter>
    </Media>
    <Media Include="res\sounds\gameover.wav">
      <Filter>res\sounds</Filter>
    </Media>
    <Media Include="res\sounds\gameover_unused.wav">
      <Filter>res\sounds</Filter>
    </Media>
    <Media Include="res\sounds\hurryup.wav">
      <Filter>res\sounds</Filter>
    </Media>
    <Media Include="res\sounds\item.wav">
      <Filter>res\sounds</Filter>
    </Media>
    <Media Include="res\sounds\jump.wav">
      <Filter>res\sounds</Filter>
    </Media>
    <Media Include="res\sounds\jumpsmall.wav">
      <Filter>res\sounds</Filter>
    </Media>
    <Media Include="res\sounds\kickkill.wav">
      <Filter>res\sounds</Filter>
    </Media>
    <Media Include="res\sounds\level_complete.wav">
      <Filter>res\sounds</Filter>
    </Media>
    <Media Include="res\sounds\life_lost.wav">
      <Filter>res\sounds</Filter>
    </Media>
    <Media Include="res\sounds\pause.wav">
      <Filter>res\sounds</Filter>
    </Media>
    <Media Include="res\sounds\pipepowerdown.wav">
      <Filter>res\sounds</Filter>
    </Media>
    <Media Include="res\sounds\powerup.wav">
      <Filter>res\sounds</Filter>
    </Media>
    <Media Include="res\sounds\stompswim.wav">
      <Filter>res\sounds</Filter>
    </Media>
    <Media Include="res\sounds\time-up_warning.wav">
      <Filter>res\sounds</Filter>
    </Media>
    <Media Include="res\sounds\vine.wav">
      <Filter>res\sounds</Filter>
    </Media>
    <Media Include="res\sounds\world_clear.wav">
      <Filter>res\sounds</Filter>
    </Media>
  </ItemGroup>
  <ItemGroup>
    <Image Include="res\sprites\characters\enemies.png">
      <Filter>res\sprites\characters</Filter>
    </Image>
    <Image Include="res\sprites\characters\luigi_electric.png">
      <Filter>res\sprites\characters</Filter>
    </Image>
    <Image Include="res\sprites\characters\luigi_fire.png">
      <Filter>res\sprites\characters</Filter>
    </Image>
    <Image Include="res\sprites\characters\luigi_normal.png">
      <Filter>res\sprites\characters</Filter>
    </Image>
    <Image Include="res\sprites\characters\luigi_star.png">
      <Filter>res\sprites\characters</Filter>
    </Image>
    <Image Include="res\sprites\characters\mario_fire.png">
      <Filter>res\sprites\characters</Filter>
    </Image>
    <Image Include="res\sprites\characters\mario_normal.png">
      <Filter>res\sprites\characters</Filter>
    </Image>
    <Image Include="res\sprites\characters\mario_star.png">
      <Filter>res\sprites\characters</Filter>
    </Image>
    <Image Include="res\sprites\icons\icons.png">
      <Filter>res\sprites\icons</Filter>
    </Image>
    <Image Include="res\sprites\icons\objects.png">
      <Filter>res\sprites\icons</Filter>
    </Image>
    <Image Include="res\sprites\tilesets\tileset_ground.png">
      <Filter>res\sprites\tilesets</Filter>
    </Image>
    <Image Include="res\sprites\tilesets\tileset_sky.png">
      <Filter>res\sprites\tilesets</Filter>
    </Image>
    <Image Include="res\sprites\tilesets\tileset_underground.png">
      <Filter>res\sprites\tilesets</Filter>
    </Image>
    <Image Include="res\sprites\tilesets\tileset_underwater.png">
      <Filter>res\sprites\tilesets</Filter>
    </Image>
    <Image Include="res\sprites\backgrounds\backgrounds.png">
      <Filter>res\sprites\backgrounds</Filter>
    </Image>
    <Image Include="res\sprites\cursors\arrow_e.png">
      <Filter>res\sprites\cursors</Filter>
    </Image>
    <Image Include="res\sprites\cursors\arrow_n.png">
      <Filter>res\sprites\cursors</Filter>
    </Image>
    <Image Include="res\sprites\cursors\arrow_ne.png">
      <Filter>res\sprites\cursors</Filter>
    </Image>
    <Image Include="res\sprites\cursors\arrow_nw.png">
      <Filter>res\sprites\cursors</Filter>
    </Image>
    <Image Include="res\sprites\cursors\arrow_s.png">
      <Filter>res\sprites\cursors</Filter>
    </Image>
    <Image Include="res\sprites\cursors\arrow_se.png">
      <Filter>res\sprites\cursors</Filter>
    </Image>
    <Image Include="res\sprites\cursors\arrow_sw.png">
      <Filter>res\sprites\cursors</Filter>
    </Image>
    <Image Include="res\sprites\cursors\arrow_w.png">
      <Filter>res\sprites\cursors</Filter>
    </Image>
    <Image Include="res\sprites\cursors\bracket_b_vertical.png">
      <Filter>res\sprites\cursors</Filter>
    </Image>
    <Image Include="res\sprites\cursors\cross_large.png">
      <Filter>res\sprites\cursors</Filter>
    </Image>
    <Image Include="res\sprites\cursors\cross_small.png">
      <Filter>res\sprites\cursors</Filter>
    </Image>
    <Image Include="res\sprites\cursors\hand_closed.png">
      <Filter>res\sprites\cursors</Filter>
    </Image>
    <Image Include="res\sprites\cursors\hand_open.png">
      <Filter>res\sprites\cursors</Filter>
    </Image>
    <Image Include="res\sprites\cursors\hand_point.png">
      <Filter>res\sprites\cursors</Filter>
    </Image>
    <Image Include="res\sprites\cursors\line_cross.png">
      <Filter>res\sprites\cursors</Filter>
    </Image>
    <Image Include="res\sprites\cursors\line_horizontal.png">
      <Filter>res\sprites\cursors</Filter>
    </Image>
    <Image Include="res\sprites\cursors\line_vertical.png">
      <Filter>res\sprites\cursors</Filter>
    </Image>
    <Image Include="res\sprites\cursors\mark_exclamation.png">
      <Filter>res\sprites\cursors</Filter>
    </Image>
    <Image Include="res\sprites\cursors\mark_question.png">
      <Filter>res\sprites\cursors</Filter>
    </Image>
    <Image Include="res\sprites\cursors\navigation_e.png">
      <Filter>res\sprites\cursors</Filter>
    </Image>
    <Image Include="res\sprites\cursors\navigation_n.png">
      <Filter>res\sprites\cursors</Filter>
    </Image>
    <Image Include="res\sprites\cursors\navigation_ne.png">
      <Filter>res\sprites\cursors</Filter>
    </Image>
    <Image Include="res\sprites\cursors\navigation_nw.png">
      <Filter>res\sprites\cursors</Filter>
    </Image>
    <Image Include="res\sprites\cursors\navigation_s.png">
      <Filter>res\sprites\cursors</Filter>
    </Image>
    <Image Include="res\sprites\cursors\navigation_se.png">
      <Filter>res\sprites\cursors</Filter>
    </Image>
    <Image Include="res\sprites\cursors\navigation_sw.png">
      <Filter>res\sprites\cursors</Filter>
    </Image>
    <Image Include="res\sprites\cursors\navigation_w.png">
      <Filter>res\sprites\cursors</Filter>
    </Image>
    <Image Include="res\sprites\cursors\resize_b_cross_diagonal.png">
      <Filter>res\sprites\cursors</Filter>
    </Image>
    <Image Include="res\sprites\cursors\resize_d_cross_diagonal.png">
      <Filter>res\sprites\cursors</Filter>
    </Image>
    <Image Include="res\sprites\cursors\rotate_ccw.png">
      <Filter>res\sprites\cursors</Filter>
    </Image>
    <Image Include="res\sprites\cursors\rotate_cw.png">
      <Filter>res\sprites\cursors</Filter>
    </Image>
    <Image Include="res\sprites\user_interface\buttons.png">
      <Filter>res\sprites\user_interface</Filter>
    </Image>
    <Image Include="res\sprites\electric_shot\electric_shot.png">
      <Filter>res\sprites\electric_shot</Filter>
    </Image>
    <Image Include="res\sprites\crosshairs\crosshair025.png">
      <Filter>res\sprites\crosshairs</Filter>
    </Image>
    <Image Include="res\sprites\crosshairs\crosshair026.png">
      <Filter>res\sprites\crosshairs</Filter>
    </Image>
    <Image Include="res\sprites\crosshairs\crosshair027.png">
      <Filter>res\sprites\crosshairs</Filter>
    </Image>
    <Image Include="res\sprites\crosshairs\crosshair028.png">
      <Filter>res\sprites\crosshairs</Filter>
    </Image>
    <Image Include="res\sprites\crosshairs\crosshair042.png">
      <Filter>res\sprites\crosshairs</Filter>
    </Image>
    <Image Include="res\sprites\crosshairs\crosshair145.png">
      <Filter>res\sprites\crosshairs</Filter>
    </Image>
    <Image Include="res\app_icon.png">
      <Filter>res</Filter>
    </Image>
    <Image Include="res\menu_background.png">
      <Filter>res</Filter>
    </Image>
  </ItemGroup>
</Project>